version = 1
revision = 1
requires-python = ">=3.12"

[[package]]
name = "certifi"
version = "2025.1.31"
source = { registry = "https://pypi.org/simple" }
sdist = { url = "https://files.pythonhosted.org/packages/1c/ab/c9f1e32b7b1bf505bf26f0ef697775960db7932abeb7b516de930ba2705f/certifi-2025.1.31.tar.gz", hash = "sha256:3d5da6925056f6f18f119200434a4780a94263f10d1c21d032a6f6b2baa20651", size = 167577 }
wheels = [
    { url = "https://files.pythonhosted.org/packages/38/fc/bce832fd4fd99766c04d1ee0eead6b0ec6486fb100ae5e74c1d91292b982/certifi-2025.1.31-py3-none-any.whl", hash = "sha256:ca78db4565a652026a4db2bcdf68f2fb589ea80d0be70e03929ed730746b84fe", size = 166393 },
]

[[package]]
name = "cftime"
version = "1.6.4.post1"
source = { registry = "https://pypi.org/simple" }
dependencies = [
    { name = "numpy" },
]
sdist = { url = "https://files.pythonhosted.org/packages/ab/c8/1155d1d58003105307c7e5985f422ae5bcb2ca0cbc553cc828f3c5a934a7/cftime-1.6.4.post1.tar.gz", hash = "sha256:50ac76cc9f10ab7bd46e44a71c51a6927051b499b4407df4f29ab13d741b942f", size = 54631 }
wheels = [
    { url = "https://files.pythonhosted.org/packages/50/81/0bb28d54088a61592f61a11e7fcabcea6d261c47af79e18d0f9cbcd940ae/cftime-1.6.4.post1-cp312-cp312-macosx_10_13_x86_64.whl", hash = "sha256:a590f73506f4704ba5e154ef55bfbaed5e1b4ac170f3caeb8c58e4f2c619ee4e", size = 226615 },
    { url = "https://files.pythonhosted.org/packages/f3/1e/38dbbf8a828dfb5e0e6e5c912818b77aacf2e7bcb97b262ac6126beeb29f/cftime-1.6.4.post1-cp312-cp312-macosx_11_0_arm64.whl", hash = "sha256:933cb10e1af4e362e77f513e3eb92b34a688729ddbf938bbdfa5ac20a7f44ba0", size = 209193 },
    { url = "https://files.pythonhosted.org/packages/9b/60/0db884c76311ecaaf31f628aa9358beae5fcb0fbbdc2eb0b790a93aa258f/cftime-1.6.4.post1-cp312-cp312-manylinux_2_17_aarch64.manylinux2014_aarch64.whl", hash = "sha256:cf17a1b36f62e9e73c4c9363dd811e1bbf1170f5ac26d343fb26012ccf482908", size = 1320215 },
    { url = "https://files.pythonhosted.org/packages/8d/7d/2d5fc7af06da4f3bdea59a204f741bf7a30bc5019355991b2f083e557e4e/cftime-1.6.4.post1-cp312-cp312-manylinux_2_17_x86_64.manylinux2014_x86_64.whl", hash = "sha256:8e18021f421aa26527bad8688c1acf0c85fa72730beb6efce969c316743294f2", size = 1367426 },
    { url = "https://files.pythonhosted.org/packages/5d/ab/e8b26d05323fc5629356c82a7f64026248f121ea1361b49df441bbc8f2d7/cftime-1.6.4.post1-cp312-cp312-musllinux_1_2_x86_64.whl", hash = "sha256:5835b9d622f9304d1c23a35603a0f068739f428d902860f25e6e7e5a1b7cd8ea", size = 1385593 },
    { url = "https://files.pythonhosted.org/packages/af/7b/ca72a075a3f660315b031d62d39a3e9cfef71f7929da2621d5120077a75f/cftime-1.6.4.post1-cp312-cp312-win_amd64.whl", hash = "sha256:7f50bf0d1b664924aaee636eb2933746b942417d1f8b82ab6c1f6e8ba0da6885", size = 178918 },
    { url = "https://files.pythonhosted.org/packages/da/d8/81f086dbdc6f5a4e0bb068263471f1d12861b72562fe8c18df38268e4e29/cftime-1.6.4.post1-cp313-cp313-macosx_10_13_x86_64.whl", hash = "sha256:5c89766ebf088c097832ea618c24ed5075331f0b7bf8e9c2d4144aefbf2f1850", size = 223418 },
    { url = "https://files.pythonhosted.org/packages/4a/cc/60a825d92a4023655e330470758280a31e7b82665ef77d0e2a0fe71ea958/cftime-1.6.4.post1-cp313-cp313-macosx_11_0_arm64.whl", hash = "sha256:7f27113f7ccd1ca32881fdcb9a4bec806a5f54ae621fc1c374f1171f3ed98ef2", size = 207395 },
    { url = "https://files.pythonhosted.org/packages/ca/90/f5b26949899decce262fc76a1e64915b92050473114e0160cd6f7297f854/cftime-1.6.4.post1-cp313-cp313-manylinux_2_17_aarch64.manylinux2014_aarch64.whl", hash = "sha256:da367b23eea7cf4df071c88e014a1600d6c5bbf22e3393a4af409903fa397e28", size = 1318113 },
    { url = "https://files.pythonhosted.org/packages/c3/f8/6f13d37abb7ade46e65a08acc31af776a96dde0eb569e05d4c4b01422ba6/cftime-1.6.4.post1-cp313-cp313-manylinux_2_17_x86_64.manylinux2014_x86_64.whl", hash = "sha256:6579c5c83cdf09d73aa94c7bc34925edd93c5f2c7dd28e074f568f7e376271a0", size = 1366034 },
    { url = "https://files.pythonhosted.org/packages/fa/08/335cb17f3b708f9a24f96ca4abb00889c7aa20b0ae273313e7c11faf1f97/cftime-1.6.4.post1-cp313-cp313-musllinux_1_2_x86_64.whl", hash = "sha256:6b731c7133d17b479ca0c3c46a7a04f96197f0a4d753f4c2284c3ff0447279b4", size = 1390156 },
    { url = "https://files.pythonhosted.org/packages/f3/2d/980323fb5ec1ef369604b61ba259a41d0336cc1a85b639ed7bd210bd1290/cftime-1.6.4.post1-cp313-cp313-win_amd64.whl", hash = "sha256:d2a8c223faea7f1248ab469cc0d7795dd46f2a423789038f439fee7190bae259", size = 178496 },
]

[[package]]
name = "netcdf4"
version = "1.7.2"
source = { registry = "https://pypi.org/simple" }
dependencies = [
    { name = "certifi" },
    { name = "cftime" },
    { name = "numpy" },
]
sdist = { url = "https://files.pythonhosted.org/packages/71/ed/4d27fcfa40ebfdad3d2088a3de7ee48dbff7f35163e815ec1870d2a7398c/netcdf4-1.7.2.tar.gz", hash = "sha256:a4c6375540b19989896136943abb6d44850ff6f1fa7d3f063253b1ad3f8b7fce", size = 835064 }
wheels = [
    { url = "https://files.pythonhosted.org/packages/52/7f/3a0f18a39efca0e093b54d634b66573c25ecab5c482d73138ae14aa55c6d/netCDF4-1.7.2-cp312-cp312-macosx_12_0_x86_64.whl", hash = "sha256:e73e3baa0b74afc414e53ff5095748fdbec7fb346eda351e567c23f2f0d247f1", size = 2952127 },
    { url = "https://files.pythonhosted.org/packages/ed/c4/8aac0f8ca95a41bdf1364d34ff4e9bcc24494bfe69a1157301d884c2e392/netCDF4-1.7.2-cp312-cp312-macosx_14_0_arm64.whl", hash = "sha256:a51da09258b31776f474c1d47e484fc7214914cdc59edf4cee789ba632184591", size = 2460781 },
    { url = "https://files.pythonhosted.org/packages/2d/1a/32b7427aaf62fed3d4e4456f874b25ce39373dbddf6cfde9edbcfc2417fc/netCDF4-1.7.2-cp312-cp312-manylinux_2_17_aarch64.manylinux2014_aarch64.whl", hash = "sha256:cb95b11804fe051897d1f2044b05d82a1847bc2549631cdd2f655dde7de77a9c", size = 9377415 },
    { url = "https://files.pythonhosted.org/packages/fd/bf/5e671495c8bdf6b628e091aa8980793579474a10e51bc6ba302a3af6a778/netCDF4-1.7.2-cp312-cp312-manylinux_2_17_x86_64.manylinux2014_x86_64.whl", hash = "sha256:f9d8a848373723f41ef662590b4f5e1832227501c9fd4513e8ad8da58c269977", size = 9260579 },
    { url = "https://files.pythonhosted.org/packages/d4/57/0a0bcdebcfaf72e96e7bcaa512f80ee096bf71945a3318d38253338e9c25/netCDF4-1.7.2-cp312-cp312-win_amd64.whl", hash = "sha256:568ea369e00b581302d77fc5fd0b8f78e520c7e08d0b5af5219ba51f3f1cd694", size = 6991523 },
    { url = "https://files.pythonhosted.org/packages/e6/7a/ce4f9038d8726c9c90e07b2d3a404ae111a27720d712cfcded0c8ef160e8/netCDF4-1.7.2-cp313-cp313-macosx_12_0_x86_64.whl", hash = "sha256:205a5f1de3ddb993c7c97fb204a923a22408cc2e5facf08d75a8eb89b3e7e1a8", size = 2948911 },
    { url = "https://files.pythonhosted.org/packages/58/3e/5736880a607edabca4c4fc49f1ccf9a2bb2485f84478e4cd19ba11c3b803/netCDF4-1.7.2-cp313-cp313-macosx_14_0_arm64.whl", hash = "sha256:96653fc75057df196010818367c63ba6d7e9af603df0a7fe43fcdad3fe0e9e56", size = 2455078 },
    { url = "https://files.pythonhosted.org/packages/71/96/d5d8859a6dac29f8ebc815ff8e75770bd513db9f08d7a711e21ae562a948/netCDF4-1.7.2-cp313-cp313-manylinux_2_17_aarch64.manylinux2014_aarch64.whl", hash = "sha256:30d20e56b9ba2c48884eb89c91b63e6c0612b4927881707e34402719153ef17f", size = 9378149 },
    { url = "https://files.pythonhosted.org/packages/d1/80/b9c19f1bb4ac6c5fa6f94a4f278bc68a778473d1814a86a375d7cffa193a/netCDF4-1.7.2-cp313-cp313-manylinux_2_17_x86_64.manylinux2014_x86_64.whl", hash = "sha256:8d6bfd38ba0bde04d56f06c1554714a2ea9dab75811c89450dc3ec57a9d36b80", size = 9254471 },
    { url = "https://files.pythonhosted.org/packages/66/b5/e04550fd53de57001dbd5a87242da7ff784c80790adc48897977b6ccf891/netCDF4-1.7.2-cp313-cp313-win_amd64.whl", hash = "sha256:5c5fbee6134ee1246c397e1508e5297d825aa19221fdf3fa8dc9727ad824d7a5", size = 6990521 },
]

[[package]]
name = "numpy"
version = "2.2.4"
source = { registry = "https://pypi.org/simple" }
sdist = { url = "https://files.pythonhosted.org/packages/e1/78/31103410a57bc2c2b93a3597340a8119588571f6a4539067546cb9a0bfac/numpy-2.2.4.tar.gz", hash = "sha256:9ba03692a45d3eef66559efe1d1096c4b9b75c0986b5dff5530c378fb8331d4f", size = 20270701 }
wheels = [
    { url = "https://files.pythonhosted.org/packages/a2/30/182db21d4f2a95904cec1a6f779479ea1ac07c0647f064dea454ec650c42/numpy-2.2.4-cp312-cp312-macosx_10_13_x86_64.whl", hash = "sha256:a7b9084668aa0f64e64bd00d27ba5146ef1c3a8835f3bd912e7a9e01326804c4", size = 20947156 },
    { url = "https://files.pythonhosted.org/packages/24/6d/9483566acfbda6c62c6bc74b6e981c777229d2af93c8eb2469b26ac1b7bc/numpy-2.2.4-cp312-cp312-macosx_11_0_arm64.whl", hash = "sha256:dbe512c511956b893d2dacd007d955a3f03d555ae05cfa3ff1c1ff6df8851854", size = 14133092 },
    { url = "https://files.pythonhosted.org/packages/27/f6/dba8a258acbf9d2bed2525cdcbb9493ef9bae5199d7a9cb92ee7e9b2aea6/numpy-2.2.4-cp312-cp312-macosx_14_0_arm64.whl", hash = "sha256:bb649f8b207ab07caebba230d851b579a3c8711a851d29efe15008e31bb4de24", size = 5163515 },
    { url = "https://files.pythonhosted.org/packages/62/30/82116199d1c249446723c68f2c9da40d7f062551036f50b8c4caa42ae252/numpy-2.2.4-cp312-cp312-macosx_14_0_x86_64.whl", hash = "sha256:f34dc300df798742b3d06515aa2a0aee20941c13579d7a2f2e10af01ae4901ee", size = 6696558 },
    { url = "https://files.pythonhosted.org/packages/0e/b2/54122b3c6df5df3e87582b2e9430f1bdb63af4023c739ba300164c9ae503/numpy-2.2.4-cp312-cp312-manylinux_2_17_aarch64.manylinux2014_aarch64.whl", hash = "sha256:c3f7ac96b16955634e223b579a3e5798df59007ca43e8d451a0e6a50f6bfdfba", size = 14084742 },
    { url = "https://files.pythonhosted.org/packages/02/e2/e2cbb8d634151aab9528ef7b8bab52ee4ab10e076509285602c2a3a686e0/numpy-2.2.4-cp312-cp312-manylinux_2_17_x86_64.manylinux2014_x86_64.whl", hash = "sha256:4f92084defa704deadd4e0a5ab1dc52d8ac9e8a8ef617f3fbb853e79b0ea3592", size = 16134051 },
    { url = "https://files.pythonhosted.org/packages/8e/21/efd47800e4affc993e8be50c1b768de038363dd88865920439ef7b422c60/numpy-2.2.4-cp312-cp312-musllinux_1_2_aarch64.whl", hash = "sha256:7a4e84a6283b36632e2a5b56e121961f6542ab886bc9e12f8f9818b3c266bfbb", size = 15578972 },
    { url = "https://files.pythonhosted.org/packages/04/1e/f8bb88f6157045dd5d9b27ccf433d016981032690969aa5c19e332b138c0/numpy-2.2.4-cp312-cp312-musllinux_1_2_x86_64.whl", hash = "sha256:11c43995255eb4127115956495f43e9343736edb7fcdb0d973defd9de14cd84f", size = 17898106 },
    { url = "https://files.pythonhosted.org/packages/2b/93/df59a5a3897c1f036ae8ff845e45f4081bb06943039ae28a3c1c7c780f22/numpy-2.2.4-cp312-cp312-win32.whl", hash = "sha256:65ef3468b53269eb5fdb3a5c09508c032b793da03251d5f8722b1194f1790c00", size = 6311190 },
    { url = "https://files.pythonhosted.org/packages/46/69/8c4f928741c2a8efa255fdc7e9097527c6dc4e4df147e3cadc5d9357ce85/numpy-2.2.4-cp312-cp312-win_amd64.whl", hash = "sha256:2aad3c17ed2ff455b8eaafe06bcdae0062a1db77cb99f4b9cbb5f4ecb13c5146", size = 12644305 },
    { url = "https://files.pythonhosted.org/packages/2a/d0/bd5ad792e78017f5decfb2ecc947422a3669a34f775679a76317af671ffc/numpy-2.2.4-cp313-cp313-macosx_10_13_x86_64.whl", hash = "sha256:1cf4e5c6a278d620dee9ddeb487dc6a860f9b199eadeecc567f777daace1e9e7", size = 20933623 },
    { url = "https://files.pythonhosted.org/packages/c3/bc/2b3545766337b95409868f8e62053135bdc7fa2ce630aba983a2aa60b559/numpy-2.2.4-cp313-cp313-macosx_11_0_arm64.whl", hash = "sha256:1974afec0b479e50438fc3648974268f972e2d908ddb6d7fb634598cdb8260a0", size = 14148681 },
    { url = "https://files.pythonhosted.org/packages/6a/70/67b24d68a56551d43a6ec9fe8c5f91b526d4c1a46a6387b956bf2d64744e/numpy-2.2.4-cp313-cp313-macosx_14_0_arm64.whl", hash = "sha256:79bd5f0a02aa16808fcbc79a9a376a147cc1045f7dfe44c6e7d53fa8b8a79392", size = 5148759 },
    { url = "https://files.pythonhosted.org/packages/1c/8b/e2fc8a75fcb7be12d90b31477c9356c0cbb44abce7ffb36be39a0017afad/numpy-2.2.4-cp313-cp313-macosx_14_0_x86_64.whl", hash = "sha256:3387dd7232804b341165cedcb90694565a6015433ee076c6754775e85d86f1fc", size = 6683092 },
    { url = "https://files.pythonhosted.org/packages/13/73/41b7b27f169ecf368b52533edb72e56a133f9e86256e809e169362553b49/numpy-2.2.4-cp313-cp313-manylinux_2_17_aarch64.manylinux2014_aarch64.whl", hash = "sha256:6f527d8fdb0286fd2fd97a2a96c6be17ba4232da346931d967a0630050dfd298", size = 14081422 },
    { url = "https://files.pythonhosted.org/packages/4b/04/e208ff3ae3ddfbafc05910f89546382f15a3f10186b1f56bd99f159689c2/numpy-2.2.4-cp313-cp313-manylinux_2_17_x86_64.manylinux2014_x86_64.whl", hash = "sha256:bce43e386c16898b91e162e5baaad90c4b06f9dcbe36282490032cec98dc8ae7", size = 16132202 },
    { url = "https://files.pythonhosted.org/packages/fe/bc/2218160574d862d5e55f803d88ddcad88beff94791f9c5f86d67bd8fbf1c/numpy-2.2.4-cp313-cp313-musllinux_1_2_aarch64.whl", hash = "sha256:31504f970f563d99f71a3512d0c01a645b692b12a63630d6aafa0939e52361e6", size = 15573131 },
    { url = "https://files.pythonhosted.org/packages/a5/78/97c775bc4f05abc8a8426436b7cb1be806a02a2994b195945600855e3a25/numpy-2.2.4-cp313-cp313-musllinux_1_2_x86_64.whl", hash = "sha256:81413336ef121a6ba746892fad881a83351ee3e1e4011f52e97fba79233611fd", size = 17894270 },
    { url = "https://files.pythonhosted.org/packages/b9/eb/38c06217a5f6de27dcb41524ca95a44e395e6a1decdc0c99fec0832ce6ae/numpy-2.2.4-cp313-cp313-win32.whl", hash = "sha256:f486038e44caa08dbd97275a9a35a283a8f1d2f0ee60ac260a1790e76660833c", size = 6308141 },
    { url = "https://files.pythonhosted.org/packages/52/17/d0dd10ab6d125c6d11ffb6dfa3423c3571befab8358d4f85cd4471964fcd/numpy-2.2.4-cp313-cp313-win_amd64.whl", hash = "sha256:207a2b8441cc8b6a2a78c9ddc64d00d20c303d79fba08c577752f080c4007ee3", size = 12636885 },
    { url = "https://files.pythonhosted.org/packages/fa/e2/793288ede17a0fdc921172916efb40f3cbc2aa97e76c5c84aba6dc7e8747/numpy-2.2.4-cp313-cp313t-macosx_10_13_x86_64.whl", hash = "sha256:8120575cb4882318c791f839a4fd66161a6fa46f3f0a5e613071aae35b5dd8f8", size = 20961829 },
    { url = "https://files.pythonhosted.org/packages/3a/75/bb4573f6c462afd1ea5cbedcc362fe3e9bdbcc57aefd37c681be1155fbaa/numpy-2.2.4-cp313-cp313t-macosx_11_0_arm64.whl", hash = "sha256:a761ba0fa886a7bb33c6c8f6f20213735cb19642c580a931c625ee377ee8bd39", size = 14161419 },
    { url = "https://files.pythonhosted.org/packages/03/68/07b4cd01090ca46c7a336958b413cdbe75002286295f2addea767b7f16c9/numpy-2.2.4-cp313-cp313t-macosx_14_0_arm64.whl", hash = "sha256:ac0280f1ba4a4bfff363a99a6aceed4f8e123f8a9b234c89140f5e894e452ecd", size = 5196414 },
    { url = "https://files.pythonhosted.org/packages/a5/fd/d4a29478d622fedff5c4b4b4cedfc37a00691079623c0575978d2446db9e/numpy-2.2.4-cp313-cp313t-macosx_14_0_x86_64.whl", hash = "sha256:879cf3a9a2b53a4672a168c21375166171bc3932b7e21f622201811c43cdd3b0", size = 6709379 },
    { url = "https://files.pythonhosted.org/packages/41/78/96dddb75bb9be730b87c72f30ffdd62611aba234e4e460576a068c98eff6/numpy-2.2.4-cp313-cp313t-manylinux_2_17_aarch64.manylinux2014_aarch64.whl", hash = "sha256:f05d4198c1bacc9124018109c5fba2f3201dbe7ab6e92ff100494f236209c960", size = 14051725 },
    { url = "https://files.pythonhosted.org/packages/00/06/5306b8199bffac2a29d9119c11f457f6c7d41115a335b78d3f86fad4dbe8/numpy-2.2.4-cp313-cp313t-manylinux_2_17_x86_64.manylinux2014_x86_64.whl", hash = "sha256:e2f085ce2e813a50dfd0e01fbfc0c12bbe5d2063d99f8b29da30e544fb6483b8", size = 16101638 },
    { url = "https://files.pythonhosted.org/packages/fa/03/74c5b631ee1ded596945c12027649e6344614144369fd3ec1aaced782882/numpy-2.2.4-cp313-cp313t-musllinux_1_2_aarch64.whl", hash = "sha256:92bda934a791c01d6d9d8e038363c50918ef7c40601552a58ac84c9613a665bc", size = 15571717 },
    { url = "https://files.pythonhosted.org/packages/cb/dc/4fc7c0283abe0981e3b89f9b332a134e237dd476b0c018e1e21083310c31/numpy-2.2.4-cp313-cp313t-musllinux_1_2_x86_64.whl", hash = "sha256:ee4d528022f4c5ff67332469e10efe06a267e32f4067dc76bb7e2cddf3cd25ff", size = 17879998 },
    { url = "https://files.pythonhosted.org/packages/e5/2b/878576190c5cfa29ed896b518cc516aecc7c98a919e20706c12480465f43/numpy-2.2.4-cp313-cp313t-win32.whl", hash = "sha256:05c076d531e9998e7e694c36e8b349969c56eadd2cdcd07242958489d79a7286", size = 6366896 },
    { url = "https://files.pythonhosted.org/packages/3e/05/eb7eec66b95cf697f08c754ef26c3549d03ebd682819f794cb039574a0a6/numpy-2.2.4-cp313-cp313t-win_amd64.whl", hash = "sha256:188dcbca89834cc2e14eb2f106c96d6d46f200fe0200310fc29089657379c58d", size = 12739119 },
]

[[package]]
name = "packaging"
version = "24.2"
source = { registry = "https://pypi.org/simple" }
sdist = { url = "https://files.pythonhosted.org/packages/d0/63/68dbb6eb2de9cb10ee4c9c14a0148804425e13c4fb20d61cce69f53106da/packaging-24.2.tar.gz", hash = "sha256:c228a6dc5e932d346bc5739379109d49e8853dd8223571c7c5b55260edc0b97f", size = 163950 }
wheels = [
    { url = "https://files.pythonhosted.org/packages/88/ef/eb23f262cca3c0c4eb7ab1933c3b1f03d021f2c48f54763065b6f0e321be/packaging-24.2-py3-none-any.whl", hash = "sha256:09abb1bccd265c01f4a3aa3f7a7db064b36514d2cba19a2f694fe6150451a759", size = 65451 },
]

[[package]]
name = "pandas"
version = "2.2.3"
source = { registry = "https://pypi.org/simple" }
dependencies = [
    { name = "numpy" },
    { name = "python-dateutil" },
    { name = "pytz" },
    { name = "tzdata" },
]
sdist = { url = "https://files.pythonhosted.org/packages/9c/d6/9f8431bacc2e19dca897724cd097b1bb224a6ad5433784a44b587c7c13af/pandas-2.2.3.tar.gz", hash = "sha256:4f18ba62b61d7e192368b84517265a99b4d7ee8912f8708660fb4a366cc82667", size = 4399213 }
wheels = [
    { url = "https://files.pythonhosted.org/packages/17/a3/fb2734118db0af37ea7433f57f722c0a56687e14b14690edff0cdb4b7e58/pandas-2.2.3-cp312-cp312-macosx_10_9_x86_64.whl", hash = "sha256:b1d432e8d08679a40e2a6d8b2f9770a5c21793a6f9f47fdd52c5ce1948a5a8a9", size = 12529893 },
    { url = "https://files.pythonhosted.org/packages/e1/0c/ad295fd74bfac85358fd579e271cded3ac969de81f62dd0142c426b9da91/pandas-2.2.3-cp312-cp312-macosx_11_0_arm64.whl", hash = "sha256:a5a1595fe639f5988ba6a8e5bc9649af3baf26df3998a0abe56c02609392e0a4", size = 11363475 },
    { url = "https://files.pythonhosted.org/packages/c6/2a/4bba3f03f7d07207481fed47f5b35f556c7441acddc368ec43d6643c5777/pandas-2.2.3-cp312-cp312-manylinux2014_aarch64.manylinux_2_17_aarch64.whl", hash = "sha256:5de54125a92bb4d1c051c0659e6fcb75256bf799a732a87184e5ea503965bce3", size = 15188645 },
    { url = "https://files.pythonhosted.org/packages/38/f8/d8fddee9ed0d0c0f4a2132c1dfcf0e3e53265055da8df952a53e7eaf178c/pandas-2.2.3-cp312-cp312-manylinux_2_17_x86_64.manylinux2014_x86_64.whl", hash = "sha256:fffb8ae78d8af97f849404f21411c95062db1496aeb3e56f146f0355c9989319", size = 12739445 },
    { url = "https://files.pythonhosted.org/packages/20/e8/45a05d9c39d2cea61ab175dbe6a2de1d05b679e8de2011da4ee190d7e748/pandas-2.2.3-cp312-cp312-musllinux_1_2_aarch64.whl", hash = "sha256:6dfcb5ee8d4d50c06a51c2fffa6cff6272098ad6540aed1a76d15fb9318194d8", size = 16359235 },
    { url = "https://files.pythonhosted.org/packages/1d/99/617d07a6a5e429ff90c90da64d428516605a1ec7d7bea494235e1c3882de/pandas-2.2.3-cp312-cp312-musllinux_1_2_x86_64.whl", hash = "sha256:062309c1b9ea12a50e8ce661145c6aab431b1e99530d3cd60640e255778bd43a", size = 14056756 },
    { url = "https://files.pythonhosted.org/packages/29/d4/1244ab8edf173a10fd601f7e13b9566c1b525c4f365d6bee918e68381889/pandas-2.2.3-cp312-cp312-win_amd64.whl", hash = "sha256:59ef3764d0fe818125a5097d2ae867ca3fa64df032331b7e0917cf5d7bf66b13", size = 11504248 },
    { url = "https://files.pythonhosted.org/packages/64/22/3b8f4e0ed70644e85cfdcd57454686b9057c6c38d2f74fe4b8bc2527214a/pandas-2.2.3-cp313-cp313-macosx_10_13_x86_64.whl", hash = "sha256:f00d1345d84d8c86a63e476bb4955e46458b304b9575dcf71102b5c705320015", size = 12477643 },
    { url = "https://files.pythonhosted.org/packages/e4/93/b3f5d1838500e22c8d793625da672f3eec046b1a99257666c94446969282/pandas-2.2.3-cp313-cp313-macosx_11_0_arm64.whl", hash = "sha256:3508d914817e153ad359d7e069d752cdd736a247c322d932eb89e6bc84217f28", size = 11281573 },
    { url = "https://files.pythonhosted.org/packages/f5/94/6c79b07f0e5aab1dcfa35a75f4817f5c4f677931d4234afcd75f0e6a66ca/pandas-2.2.3-cp313-cp313-manylinux2014_aarch64.manylinux_2_17_aarch64.whl", hash = "sha256:22a9d949bfc9a502d320aa04e5d02feab689d61da4e7764b62c30b991c42c5f0", size = 15196085 },
    { url = "https://files.pythonhosted.org/packages/e8/31/aa8da88ca0eadbabd0a639788a6da13bb2ff6edbbb9f29aa786450a30a91/pandas-2.2.3-cp313-cp313-manylinux_2_17_x86_64.manylinux2014_x86_64.whl", hash = "sha256:f3a255b2c19987fbbe62a9dfd6cff7ff2aa9ccab3fc75218fd4b7530f01efa24", size = 12711809 },
    { url = "https://files.pythonhosted.org/packages/ee/7c/c6dbdb0cb2a4344cacfb8de1c5808ca885b2e4dcfde8008266608f9372af/pandas-2.2.3-cp313-cp313-musllinux_1_2_aarch64.whl", hash = "sha256:800250ecdadb6d9c78eae4990da62743b857b470883fa27f652db8bdde7f6659", size = 16356316 },
    { url = "https://files.pythonhosted.org/packages/57/b7/8b757e7d92023b832869fa8881a992696a0bfe2e26f72c9ae9f255988d42/pandas-2.2.3-cp313-cp313-musllinux_1_2_x86_64.whl", hash = "sha256:6374c452ff3ec675a8f46fd9ab25c4ad0ba590b71cf0656f8b6daa5202bca3fb", size = 14022055 },
    { url = "https://files.pythonhosted.org/packages/3b/bc/4b18e2b8c002572c5a441a64826252ce5da2aa738855747247a971988043/pandas-2.2.3-cp313-cp313-win_amd64.whl", hash = "sha256:61c5ad4043f791b61dd4752191d9f07f0ae412515d59ba8f005832a532f8736d", size = 11481175 },
    { url = "https://files.pythonhosted.org/packages/76/a3/a5d88146815e972d40d19247b2c162e88213ef51c7c25993942c39dbf41d/pandas-2.2.3-cp313-cp313t-macosx_10_13_x86_64.whl", hash = "sha256:3b71f27954685ee685317063bf13c7709a7ba74fc996b84fc6821c59b0f06468", size = 12615650 },
    { url = "https://files.pythonhosted.org/packages/9c/8c/f0fd18f6140ddafc0c24122c8a964e48294acc579d47def376fef12bcb4a/pandas-2.2.3-cp313-cp313t-macosx_11_0_arm64.whl", hash = "sha256:38cf8125c40dae9d5acc10fa66af8ea6fdf760b2714ee482ca691fc66e6fcb18", size = 11290177 },
    { url = "https://files.pythonhosted.org/packages/ed/f9/e995754eab9c0f14c6777401f7eece0943840b7a9fc932221c19d1abee9f/pandas-2.2.3-cp313-cp313t-manylinux2014_aarch64.manylinux_2_17_aarch64.whl", hash = "sha256:ba96630bc17c875161df3818780af30e43be9b166ce51c9a18c1feae342906c2", size = 14651526 },
    { url = "https://files.pythonhosted.org/packages/25/b0/98d6ae2e1abac4f35230aa756005e8654649d305df9a28b16b9ae4353bff/pandas-2.2.3-cp313-cp313t-manylinux_2_17_x86_64.manylinux2014_x86_64.whl", hash = "sha256:1db71525a1538b30142094edb9adc10be3f3e176748cd7acc2240c2f2e5aa3a4", size = 11871013 },
    { url = "https://files.pythonhosted.org/packages/cc/57/0f72a10f9db6a4628744c8e8f0df4e6e21de01212c7c981d31e50ffc8328/pandas-2.2.3-cp313-cp313t-musllinux_1_2_aarch64.whl", hash = "sha256:15c0e1e02e93116177d29ff83e8b1619c93ddc9c49083f237d4312337a61165d", size = 15711620 },
    { url = "https://files.pythonhosted.org/packages/ab/5f/b38085618b950b79d2d9164a711c52b10aefc0ae6833b96f626b7021b2ed/pandas-2.2.3-cp313-cp313t-musllinux_1_2_x86_64.whl", hash = "sha256:ad5b65698ab28ed8d7f18790a0dc58005c7629f227be9ecc1072aa74c0c1d43a", size = 13098436 },
]

[[package]]
name = "pygmt"
version = "0.14.2"
source = { registry = "https://pypi.org/simple" }
dependencies = [
    { name = "netcdf4" },
    { name = "numpy" },
    { name = "packaging" },
    { name = "pandas" },
    { name = "xarray" },
]
sdist = { url = "https://files.pythonhosted.org/packages/bf/94/083a13d03525b19c80a8134438823008143f0990f3f52055e83ff9e2a9ad/pygmt-0.14.2.tar.gz", hash = "sha256:c9cf4b54532e767d41a260fd23da5dba11dba382d015d2c7d3a20c73efceb590", size = 209027 }
wheels = [
    { url = "https://files.pythonhosted.org/packages/43/d1/293c48ee954ff62da280aef51a84557a936b283e83c191bf97c19ef50594/pygmt-0.14.2-py3-none-any.whl", hash = "sha256:c5fcf7dd40b73cb8a5736199a940beddaa4d40ede31d187dfd2fc02b4dee9187", size = 290139 },
]

[[package]]
name = "python-dateutil"
version = "2.9.0.post0"
source = { registry = "https://pypi.org/simple" }
dependencies = [
    { name = "six" },
]
sdist = { url = "https://files.pythonhosted.org/packages/66/c0/0c8b6ad9f17a802ee498c46e004a0eb49bc148f2fd230864601a86dcf6db/python-dateutil-2.9.0.post0.tar.gz", hash = "sha256:37dd54208da7e1cd875388217d5e00ebd4179249f90fb72437e91a35459a0ad3", size = 342432 }
wheels = [
    { url = "https://files.pythonhosted.org/packages/ec/57/56b9bcc3c9c6a792fcbaf139543cee77261f3651ca9da0c93f5c1221264b/python_dateutil-2.9.0.post0-py2.py3-none-any.whl", hash = "sha256:a8b2bc7bffae282281c8140a97d3aa9c14da0b136dfe83f850eea9a5f7470427", size = 229892 },
]

[[package]]
name = "pytz"
version = "2025.1"
source = { registry = "https://pypi.org/simple" }
sdist = { url = "https://files.pythonhosted.org/packages/5f/57/df1c9157c8d5a05117e455d66fd7cf6dbc46974f832b1058ed4856785d8a/pytz-2025.1.tar.gz", hash = "sha256:c2db42be2a2518b28e65f9207c4d05e6ff547d1efa4086469ef855e4ab70178e", size = 319617 }
wheels = [
    { url = "https://files.pythonhosted.org/packages/eb/38/ac33370d784287baa1c3d538978b5e2ea064d4c1b93ffbd12826c190dd10/pytz-2025.1-py2.py3-none-any.whl", hash = "sha256:89dd22dca55b46eac6eda23b2d72721bf1bdfef212645d81513ef5d03038de57", size = 507930 },
]

[[package]]
name = "six"
version = "1.17.0"
source = { registry = "https://pypi.org/simple" }
sdist = { url = "https://files.pythonhosted.org/packages/94/e7/b2c673351809dca68a0e064b6af791aa332cf192da575fd474ed7d6f16a2/six-1.17.0.tar.gz", hash = "sha256:ff70335d468e7eb6ec65b95b99d3a2836546063f63acc5171de367e834932a81", size = 34031 }
wheels = [
    { url = "https://files.pythonhosted.org/packages/b7/ce/149a00dd41f10bc29e5921b496af8b574d8413afcd5e30dfa0ed46c2cc5e/six-1.17.0-py2.py3-none-any.whl", hash = "sha256:4721f391ed90541fddacab5acf947aa0d3dc7d27b2e1e8eda2be8970586c3274", size = 11050 },
]

[[package]]
name = "tomli"
version = "2.2.1"
source = { registry = "https://pypi.org/simple" }
sdist = { url = "https://files.pythonhosted.org/packages/18/87/302344fed471e44a87289cf4967697d07e532f2421fdaf868a303cbae4ff/tomli-2.2.1.tar.gz", hash = "sha256:cd45e1dc79c835ce60f7404ec8119f2eb06d38b1deba146f07ced3bbc44505ff", size = 17175 }
wheels = [
    { url = "https://files.pythonhosted.org/packages/52/e1/f8af4c2fcde17500422858155aeb0d7e93477a0d59a98e56cbfe75070fd0/tomli-2.2.1-cp312-cp312-macosx_10_13_x86_64.whl", hash = "sha256:4a8f6e44de52d5e6c657c9fe83b562f5f4256d8ebbfe4ff922c495620a7f6cea", size = 132762 },
    { url = "https://files.pythonhosted.org/packages/03/b8/152c68bb84fc00396b83e7bbddd5ec0bd3dd409db4195e2a9b3e398ad2e3/tomli-2.2.1-cp312-cp312-macosx_11_0_arm64.whl", hash = "sha256:8d57ca8095a641b8237d5b079147646153d22552f1c637fd3ba7f4b0b29167a8", size = 123453 },
    { url = "https://files.pythonhosted.org/packages/c8/d6/fc9267af9166f79ac528ff7e8c55c8181ded34eb4b0e93daa767b8841573/tomli-2.2.1-cp312-cp312-manylinux_2_17_aarch64.manylinux2014_aarch64.whl", hash = "sha256:4e340144ad7ae1533cb897d406382b4b6fede8890a03738ff1683af800d54192", size = 233486 },
    { url = "https://files.pythonhosted.org/packages/5c/51/51c3f2884d7bab89af25f678447ea7d297b53b5a3b5730a7cb2ef6069f07/tomli-2.2.1-cp312-cp312-manylinux_2_17_x86_64.manylinux2014_x86_64.whl", hash = "sha256:db2b95f9de79181805df90bedc5a5ab4c165e6ec3fe99f970d0e302f384ad222", size = 242349 },
    { url = "https://files.pythonhosted.org/packages/ab/df/bfa89627d13a5cc22402e441e8a931ef2108403db390ff3345c05253935e/tomli-2.2.1-cp312-cp312-manylinux_2_5_i686.manylinux1_i686.manylinux_2_17_i686.manylinux2014_i686.whl", hash = "sha256:40741994320b232529c802f8bc86da4e1aa9f413db394617b9a256ae0f9a7f77", size = 252159 },
    { url = "https://files.pythonhosted.org/packages/9e/6e/fa2b916dced65763a5168c6ccb91066f7639bdc88b48adda990db10c8c0b/tomli-2.2.1-cp312-cp312-musllinux_1_2_aarch64.whl", hash = "sha256:400e720fe168c0f8521520190686ef8ef033fb19fc493da09779e592861b78c6", size = 237243 },
    { url = "https://files.pythonhosted.org/packages/b4/04/885d3b1f650e1153cbb93a6a9782c58a972b94ea4483ae4ac5cedd5e4a09/tomli-2.2.1-cp312-cp312-musllinux_1_2_i686.whl", hash = "sha256:02abe224de6ae62c19f090f68da4e27b10af2b93213d36cf44e6e1c5abd19fdd", size = 259645 },
    { url = "https://files.pythonhosted.org/packages/9c/de/6b432d66e986e501586da298e28ebeefd3edc2c780f3ad73d22566034239/tomli-2.2.1-cp312-cp312-musllinux_1_2_x86_64.whl", hash = "sha256:b82ebccc8c8a36f2094e969560a1b836758481f3dc360ce9a3277c65f374285e", size = 244584 },
    { url = "https://files.pythonhosted.org/packages/1c/9a/47c0449b98e6e7d1be6cbac02f93dd79003234ddc4aaab6ba07a9a7482e2/tomli-2.2.1-cp312-cp312-win32.whl", hash = "sha256:889f80ef92701b9dbb224e49ec87c645ce5df3fa2cc548664eb8a25e03127a98", size = 98875 },
    { url = "https://files.pythonhosted.org/packages/ef/60/9b9638f081c6f1261e2688bd487625cd1e660d0a85bd469e91d8db969734/tomli-2.2.1-cp312-cp312-win_amd64.whl", hash = "sha256:7fc04e92e1d624a4a63c76474610238576942d6b8950a2d7f908a340494e67e4", size = 109418 },
    { url = "https://files.pythonhosted.org/packages/04/90/2ee5f2e0362cb8a0b6499dc44f4d7d48f8fff06d28ba46e6f1eaa61a1388/tomli-2.2.1-cp313-cp313-macosx_10_13_x86_64.whl", hash = "sha256:f4039b9cbc3048b2416cc57ab3bda989a6fcf9b36cf8937f01a6e731b64f80d7", size = 132708 },
    { url = "https://files.pythonhosted.org/packages/c0/ec/46b4108816de6b385141f082ba99e315501ccd0a2ea23db4a100dd3990ea/tomli-2.2.1-cp313-cp313-macosx_11_0_arm64.whl", hash = "sha256:286f0ca2ffeeb5b9bd4fcc8d6c330534323ec51b2f52da063b11c502da16f30c", size = 123582 },
    { url = "https://files.pythonhosted.org/packages/a0/bd/b470466d0137b37b68d24556c38a0cc819e8febe392d5b199dcd7f578365/tomli-2.2.1-cp313-cp313-manylinux_2_17_aarch64.manylinux2014_aarch64.whl", hash = "sha256:a92ef1a44547e894e2a17d24e7557a5e85a9e1d0048b0b5e7541f76c5032cb13", size = 232543 },
    { url = "https://files.pythonhosted.org/packages/d9/e5/82e80ff3b751373f7cead2815bcbe2d51c895b3c990686741a8e56ec42ab/tomli-2.2.1-cp313-cp313-manylinux_2_17_x86_64.manylinux2014_x86_64.whl", hash = "sha256:9316dc65bed1684c9a98ee68759ceaed29d229e985297003e494aa825ebb0281", size = 241691 },
    { url = "https://files.pythonhosted.org/packages/05/7e/2a110bc2713557d6a1bfb06af23dd01e7dde52b6ee7dadc589868f9abfac/tomli-2.2.1-cp313-cp313-manylinux_2_5_i686.manylinux1_i686.manylinux_2_17_i686.manylinux2014_i686.whl", hash = "sha256:e85e99945e688e32d5a35c1ff38ed0b3f41f43fad8df0bdf79f72b2ba7bc5272", size = 251170 },
    { url = "https://files.pythonhosted.org/packages/64/7b/22d713946efe00e0adbcdfd6d1aa119ae03fd0b60ebed51ebb3fa9f5a2e5/tomli-2.2.1-cp313-cp313-musllinux_1_2_aarch64.whl", hash = "sha256:ac065718db92ca818f8d6141b5f66369833d4a80a9d74435a268c52bdfa73140", size = 236530 },
    { url = "https://files.pythonhosted.org/packages/38/31/3a76f67da4b0cf37b742ca76beaf819dca0ebef26d78fc794a576e08accf/tomli-2.2.1-cp313-cp313-musllinux_1_2_i686.whl", hash = "sha256:d920f33822747519673ee656a4b6ac33e382eca9d331c87770faa3eef562aeb2", size = 258666 },
    { url = "https://files.pythonhosted.org/packages/07/10/5af1293da642aded87e8a988753945d0cf7e00a9452d3911dd3bb354c9e2/tomli-2.2.1-cp313-cp313-musllinux_1_2_x86_64.whl", hash = "sha256:a198f10c4d1b1375d7687bc25294306e551bf1abfa4eace6650070a5c1ae2744", size = 243954 },
    { url = "https://files.pythonhosted.org/packages/5b/b9/1ed31d167be802da0fc95020d04cd27b7d7065cc6fbefdd2f9186f60d7bd/tomli-2.2.1-cp313-cp313-win32.whl", hash = "sha256:d3f5614314d758649ab2ab3a62d4f2004c825922f9e370b29416484086b264ec", size = 98724 },
    { url = "https://files.pythonhosted.org/packages/c7/32/b0963458706accd9afcfeb867c0f9175a741bf7b19cd424230714d722198/tomli-2.2.1-cp313-cp313-win_amd64.whl", hash = "sha256:a38aa0308e754b0e3c67e344754dff64999ff9b513e691d0e786265c93583c69", size = 109383 },
    { url = "https://files.pythonhosted.org/packages/6e/c2/61d3e0f47e2b74ef40a68b9e6ad5984f6241a942f7cd3bbfbdbd03861ea9/tomli-2.2.1-py3-none-any.whl", hash = "sha256:cb55c73c5f4408779d0cf3eef9f762b9c9f147a77de7b258bef0a5628adc85cc", size = 14257 },
]

[[package]]
name = "tpwt"
version = "0.1.0"
source = { editable = "." }
dependencies = [
    { name = "pandas" },
    { name = "pygmt" },
    { name = "tomli" },
]

[package.metadata]
requires-dist = [
    { name = "pandas", specifier = ">=2.2.3" },
    { name = "pygmt", specifier = ">=0.14.2" },
    { name = "tomli", specifier = ">=2.2.1" },
]

[[package]]
name = "tzdata"
version = "2025.1"
source = { registry = "https://pypi.org/simple" }
sdist = { url = "https://files.pythonhosted.org/packages/43/0f/fa4723f22942480be4ca9527bbde8d43f6c3f2fe8412f00e7f5f6746bc8b/tzdata-2025.1.tar.gz", hash = "sha256:24894909e88cdb28bd1636c6887801df64cb485bd593f2fd83ef29075a81d694", size = 194950 }
wheels = [
    { url = "https://files.pythonhosted.org/packages/0f/dd/84f10e23edd882c6f968c21c2434fe67bd4a528967067515feca9e611e5e/tzdata-2025.1-py2.py3-none-any.whl", hash = "sha256:7e127113816800496f027041c570f50bcd464a020098a3b6b199517772303639", size = 346762 },
]

[[package]]
name = "xarray"
version = "2025.1.2"
source = { registry = "https://pypi.org/simple" }
dependencies = [
    { name = "numpy" },
    { name = "packaging" },
    { name = "pandas" },
]
sdist = { url = "https://files.pythonhosted.org/packages/89/c0/edb2f6cfafa5369106f927409f6211141c3296c14877cc634d8ee4c970a4/xarray-2025.1.2.tar.gz", hash = "sha256:e7675c79ac69d274dd3b3c5450ce57176928d2792947576251ed1c7df1783224", size = 3271214 }
wheels = [
    { url = "https://files.pythonhosted.org/packages/05/79/4e19100342fe13d69fd6e77b343e2269924fec681258e2ea21b55576aad2/xarray-2025.1.2-py3-none-any.whl", hash = "sha256:a7ad6a36c6e0becd67f8aff6a7808d20e4bdcd344debb5205f0a34b1a4a7f8d6", size = 1247773 },
]
